
Microsoft Visual Studio Solution File, Format Version 12.00
# Visual Studio Version 17
VisualStudioVersion = 17.3.32901.215
MinimumVisualStudioVersion = 10.0.40219.1
Project("{FAE04EC0-301F-11D3-BF4B-00C04F79EFBC}") = "Activity 2", "Activity 2.csproj", "{B7F2E6FE-C27E-47C3-A855-1599FFE7EE50}"
EndProject
Global
	GlobalSection(SolutionConfigurationPlatforms) = preSolution
		Debug|Any CPU = Debug|Any CPU
		Release|Any CPU = Release|Any CPU
	EndGlobalSection
	GlobalSection(ProjectConfigurationPlatforms) = postSolution
		{B7F2E6FE-C27E-47C3-A855-1599FFE7EE50}.Debug|Any CPU.ActiveCfg = Debug|Any CPU
		{B7F2E6FE-C27E-47C3-A855-1599FFE7EE50}.Debug|Any CPU.Build.0 = Debug|Any CPU
		{B7F2E6FE-C27E-47C3-A855-1599FFE7EE50}.Release|Any CPU.ActiveCfg = Release|Any CPU
		{B7F2E6FE-C27E-47C3-A855-1599FFE7EE50}.Release|Any CPU.Build.0 = Release|Any CPU
	EndGlobalSection
	GlobalSection(SolutionProperties) = preSolution
		HideSolutionNode = FALSE
	EndGlobalSection
	GlobalSection(ExtensibilityGlobals) = postSolution
		SolutionGuid = {DBE4F566-6C9B-43D8-B170-BF5CA98670BF}
	EndGlobalSection
EndGlobal
